
Microsoft Visual Studio Solution File, Format Version 12.00
# Visual Studio Version 16
VisualStudioVersion = 16.0.32802.440
MinimumVisualStudioVersion = 10.0.40219.1
Project("{2150E333-8FDC-42A3-9474-1A3956D46DE8}") = "Services", "Services", "{3447A980-CD95-4134-BC93-67DDCC585A81}"
EndProject
Project("{9A19103F-16F7-4668-BE54-9A1E7A4F7556}") = "FinancePlanner.TaxServices.Services", "Services\TaxServices\FinancePlanner.TaxServices.Services\FinancePlanner.TaxServices.Services.csproj", "{FDF959C5-0473-46EA-8CE3-F8A481DA8AA4}"
EndProject
Project("{2150E333-8FDC-42A3-9474-1A3956D46DE8}") = "TaxServices", "TaxServices", "{22BF4812-C07C-4E50-8F49-7900056F38BC}"
EndProject
Project("{2150E333-8FDC-42A3-9474-1A3956D46DE8}") = "Plugins", "Plugins", "{90F352C9-AF78-4904-98DE-174176A823C8}"
EndProject
Project("{9A19103F-16F7-4668-BE54-9A1E7A4F7556}") = "FinancePlanner.TaxServices.Application", "Services\TaxServices\FinancePlanner.TaxServices.Application\FinancePlanner.TaxServices.Application.csproj", "{8A1BD43C-C711-4EC3-9DA9-56A299C40CB5}"
EndProject
Project("{9A19103F-16F7-4668-BE54-9A1E7A4F7556}") = "FinancePlanner.TaxServices.Infrastructure", "Services\TaxServices\FinancePlanner.TaxServices.Infrastructure\FinancePlanner.TaxServices.Infrastructure.csproj", "{B38C4CD0-C8B7-4196-BE4C-F08420D01E18}"
EndProject
Project("{9A19103F-16F7-4668-BE54-9A1E7A4F7556}") = "TaxServices.Plugins.FedTax.W4Before2020", "Services\TaxServices\Plugins\TaxServices.Plugins.FedTax.W4Before2020\TaxServices.Plugins.FedTax.W4Before2020.csproj", "{9C248965-C049-4827-864B-02DCCBC064BD}"
EndProject
Project("{9A19103F-16F7-4668-BE54-9A1E7A4F7556}") = "FinancePlanner.TaxServices.Domain", "Services\TaxServices\FinancePlanner.TaxServices.Domain\FinancePlanner.TaxServices.Domain.csproj", "{07B42D68-CF1C-4903-A40B-4982990D1809}"
EndProject
Project("{9A19103F-16F7-4668-BE54-9A1E7A4F7556}") = "TaxServices.Plugins.FedTax.W4FromOrAfter2020", "Services\TaxServices\Plugins\TaxServices.Plugins.FedTax.W4FromOrAfter2020\TaxServices.Plugins.FedTax.W4FromOrAfter2020.csproj", "{0C7FD39D-A250-46CA-B674-1EAB739E4318}"
EndProject
Project("{2150E333-8FDC-42A3-9474-1A3956D46DE8}") = "APIGateways", "APIGateways", "{28FC7B5B-483C-47FF-AA99-AFD4BDF03582}"
EndProject
Project("{9A19103F-16F7-4668-BE54-9A1E7A4F7556}") = "FinancePlanner.API.Aggregator", "APIGateways\FinancePlanner.API.Aggregator\FinancePlanner.API.Aggregator.csproj", "{90E5588F-480E-43E2-A16F-D4BD8921892D}"
EndProject
Project("{2150E333-8FDC-42A3-9474-1A3956D46DE8}") = "WageServices", "WageServices", "{0D3A87E6-0199-42F4-9BD9-4C0D7964F10D}"
EndProject
Project("{9A19103F-16F7-4668-BE54-9A1E7A4F7556}") = "FinancePlanner.WageServices.Services", "Services\WageServices\FinancePlanner.WageServices.Services\FinancePlanner.WageServices.Services.csproj", "{B1883218-3AB3-4D12-8615-AB04EB48DED6}"
EndProject
Project("{2150E333-8FDC-42A3-9474-1A3956D46DE8}") = "Shared", "Shared", "{3E3C7433-D3D7-473C-890A-88F376818C73}"
EndProject
Project("{9A19103F-16F7-4668-BE54-9A1E7A4F7556}") = "Shared.Models", "Shared\Shared.Models\Shared.Models.csproj", "{73B53A32-4B21-4280-A248-89550E2EFE10}"
EndProject
Project("{2150E333-8FDC-42A3-9474-1A3956D46DE8}") = "Infrastructures", "Infrastructures", "{DA739435-8EEF-4062-BCBC-4F735F4CAA39}"
	ProjectSection(SolutionItems) = preProject
		Infrastructures\docker-compose.override.yml = Infrastructures\docker-compose.override.yml
		Infrastructures\docker-compose.yml = Infrastructures\docker-compose.yml
	EndProjectSection
EndProject
Global
	GlobalSection(SolutionConfigurationPlatforms) = preSolution
		Debug|Any CPU = Debug|Any CPU
		Release|Any CPU = Release|Any CPU
	EndGlobalSection
	GlobalSection(ProjectConfigurationPlatforms) = postSolution
		{FDF959C5-0473-46EA-8CE3-F8A481DA8AA4}.Debug|Any CPU.ActiveCfg = Debug|Any CPU
		{FDF959C5-0473-46EA-8CE3-F8A481DA8AA4}.Debug|Any CPU.Build.0 = Debug|Any CPU
		{FDF959C5-0473-46EA-8CE3-F8A481DA8AA4}.Release|Any CPU.ActiveCfg = Release|Any CPU
		{FDF959C5-0473-46EA-8CE3-F8A481DA8AA4}.Release|Any CPU.Build.0 = Release|Any CPU
		{8A1BD43C-C711-4EC3-9DA9-56A299C40CB5}.Debug|Any CPU.ActiveCfg = Debug|Any CPU
		{8A1BD43C-C711-4EC3-9DA9-56A299C40CB5}.Debug|Any CPU.Build.0 = Debug|Any CPU
		{8A1BD43C-C711-4EC3-9DA9-56A299C40CB5}.Release|Any CPU.ActiveCfg = Release|Any CPU
		{8A1BD43C-C711-4EC3-9DA9-56A299C40CB5}.Release|Any CPU.Build.0 = Release|Any CPU
		{B38C4CD0-C8B7-4196-BE4C-F08420D01E18}.Debug|Any CPU.ActiveCfg = Debug|Any CPU
		{B38C4CD0-C8B7-4196-BE4C-F08420D01E18}.Debug|Any CPU.Build.0 = Debug|Any CPU
		{B38C4CD0-C8B7-4196-BE4C-F08420D01E18}.Release|Any CPU.ActiveCfg = Release|Any CPU
		{B38C4CD0-C8B7-4196-BE4C-F08420D01E18}.Release|Any CPU.Build.0 = Release|Any CPU
		{9C248965-C049-4827-864B-02DCCBC064BD}.Debug|Any CPU.ActiveCfg = Debug|Any CPU
		{9C248965-C049-4827-864B-02DCCBC064BD}.Debug|Any CPU.Build.0 = Debug|Any CPU
		{9C248965-C049-4827-864B-02DCCBC064BD}.Release|Any CPU.ActiveCfg = Release|Any CPU
		{9C248965-C049-4827-864B-02DCCBC064BD}.Release|Any CPU.Build.0 = Release|Any CPU
		{07B42D68-CF1C-4903-A40B-4982990D1809}.Debug|Any CPU.ActiveCfg = Debug|Any CPU
		{07B42D68-CF1C-4903-A40B-4982990D1809}.Debug|Any CPU.Build.0 = Debug|Any CPU
		{07B42D68-CF1C-4903-A40B-4982990D1809}.Release|Any CPU.ActiveCfg = Release|Any CPU
		{07B42D68-CF1C-4903-A40B-4982990D1809}.Release|Any CPU.Build.0 = Release|Any CPU
		{0C7FD39D-A250-46CA-B674-1EAB739E4318}.Debug|Any CPU.ActiveCfg = Debug|Any CPU
		{0C7FD39D-A250-46CA-B674-1EAB739E4318}.Debug|Any CPU.Build.0 = Debug|Any CPU
		{0C7FD39D-A250-46CA-B674-1EAB739E4318}.Release|Any CPU.ActiveCfg = Release|Any CPU
		{0C7FD39D-A250-46CA-B674-1EAB739E4318}.Release|Any CPU.Build.0 = Release|Any CPU
		{90E5588F-480E-43E2-A16F-D4BD8921892D}.Debug|Any CPU.ActiveCfg = Debug|Any CPU
		{90E5588F-480E-43E2-A16F-D4BD8921892D}.Debug|Any CPU.Build.0 = Debug|Any CPU
		{90E5588F-480E-43E2-A16F-D4BD8921892D}.Release|Any CPU.ActiveCfg = Release|Any CPU
		{90E5588F-480E-43E2-A16F-D4BD8921892D}.Release|Any CPU.Build.0 = Release|Any CPU
		{B1883218-3AB3-4D12-8615-AB04EB48DED6}.Debug|Any CPU.ActiveCfg = Debug|Any CPU
		{B1883218-3AB3-4D12-8615-AB04EB48DED6}.Debug|Any CPU.Build.0 = Debug|Any CPU
		{B1883218-3AB3-4D12-8615-AB04EB48DED6}.Release|Any CPU.ActiveCfg = Release|Any CPU
		{B1883218-3AB3-4D12-8615-AB04EB48DED6}.Release|Any CPU.Build.0 = Release|Any CPU
		{73B53A32-4B21-4280-A248-89550E2EFE10}.Debug|Any CPU.ActiveCfg = Debug|Any CPU
		{73B53A32-4B21-4280-A248-89550E2EFE10}.Debug|Any CPU.Build.0 = Debug|Any CPU
		{73B53A32-4B21-4280-A248-89550E2EFE10}.Release|Any CPU.ActiveCfg = Release|Any CPU
		{73B53A32-4B21-4280-A248-89550E2EFE10}.Release|Any CPU.Build.0 = Release|Any CPU
	EndGlobalSection
	GlobalSection(SolutionProperties) = preSolution
		HideSolutionNode = FALSE
	EndGlobalSection
	GlobalSection(NestedProjects) = preSolution
		{FDF959C5-0473-46EA-8CE3-F8A481DA8AA4} = {22BF4812-C07C-4E50-8F49-7900056F38BC}
		{22BF4812-C07C-4E50-8F49-7900056F38BC} = {3447A980-CD95-4134-BC93-67DDCC585A81}
		{90F352C9-AF78-4904-98DE-174176A823C8} = {22BF4812-C07C-4E50-8F49-7900056F38BC}
		{8A1BD43C-C711-4EC3-9DA9-56A299C40CB5} = {22BF4812-C07C-4E50-8F49-7900056F38BC}
		{B38C4CD0-C8B7-4196-BE4C-F08420D01E18} = {22BF4812-C07C-4E50-8F49-7900056F38BC}
		{9C248965-C049-4827-864B-02DCCBC064BD} = {90F352C9-AF78-4904-98DE-174176A823C8}
		{07B42D68-CF1C-4903-A40B-4982990D1809} = {22BF4812-C07C-4E50-8F49-7900056F38BC}
		{0C7FD39D-A250-46CA-B674-1EAB739E4318} = {90F352C9-AF78-4904-98DE-174176A823C8}
		{90E5588F-480E-43E2-A16F-D4BD8921892D} = {28FC7B5B-483C-47FF-AA99-AFD4BDF03582}
		{0D3A87E6-0199-42F4-9BD9-4C0D7964F10D} = {3447A980-CD95-4134-BC93-67DDCC585A81}
		{B1883218-3AB3-4D12-8615-AB04EB48DED6} = {0D3A87E6-0199-42F4-9BD9-4C0D7964F10D}
		{73B53A32-4B21-4280-A248-89550E2EFE10} = {3E3C7433-D3D7-473C-890A-88F376818C73}
	EndGlobalSection
	GlobalSection(ExtensibilityGlobals) = postSolution
		SolutionGuid = {5FE750FF-F412-4267-A0D6-AE0ED0791DDB}
	EndGlobalSection
EndGlobal
